
Microsoft Visual Studio Solution File, Format Version 12.00
# Visual Studio Version 17
VisualStudioVersion = 17.1.32210.238
MinimumVisualStudioVersion = 10.0.40219.1
Project("{8BC9CEB8-8B4A-11D0-8D11-00A0C91BC942}") = "SAOD_program12", "SAOD_program12\SAOD_program12.vcxproj", "{43053F48-48C5-4CD0-828A-F3F3EDEA2A82}"
EndProject
Global
	GlobalSection(SolutionConfigurationPlatforms) = preSolution
		Debug|x64 = Debug|x64
		Debug|x86 = Debug|x86
		Release|x64 = Release|x64
		Release|x86 = Release|x86
	EndGlobalSection
	GlobalSection(ProjectConfigurationPlatforms) = postSolution
		{43053F48-48C5-4CD0-828A-F3F3EDEA2A82}.Debug|x64.ActiveCfg = Debug|x64
		{43053F48-48C5-4CD0-828A-F3F3EDEA2A82}.Debug|x64.Build.0 = Debug|x64
		{43053F48-48C5-4CD0-828A-F3F3EDEA2A82}.Debug|x86.ActiveCfg = Debug|Win32
		{43053F48-48C5-4CD0-828A-F3F3EDEA2A82}.Debug|x86.Build.0 = Debug|Win32
		{43053F48-48C5-4CD0-828A-F3F3EDEA2A82}.Release|x64.ActiveCfg = Release|x64
		{43053F48-48C5-4CD0-828A-F3F3EDEA2A82}.Release|x64.Build.0 = Release|x64
		{43053F48-48C5-4CD0-828A-F3F3EDEA2A82}.Release|x86.ActiveCfg = Release|Win32
		{43053F48-48C5-4CD0-828A-F3F3EDEA2A82}.Release|x86.Build.0 = Release|Win32
	EndGlobalSection
	GlobalSection(SolutionProperties) = preSolution
		HideSolutionNode = FALSE
	EndGlobalSection
	GlobalSection(ExtensibilityGlobals) = postSolution
		SolutionGuid = {0CA4A5BD-B680-41E8-964B-F71D30357E41}
	EndGlobalSection
EndGlobal
